{
  "version": 4,
  "terraform_version": "1.9.3",
  "serial": 56,
  "lineage": "b1a0094c-edec-cef6-d230-857e63b84da0",
  "outputs": {},
  "resources": [
    {
      "module": "module.gke_cluster",
      "mode": "managed",
      "type": "google_container_cluster",
      "name": "primary",
      "provider": "provider[\"registry.terraform.io/hashicorp/google\"]",
      "instances": [
        {
          "schema_version": 2,
          "attributes": {
            "addons_config": [
              {
                "cloudrun_config": [],
                "config_connector_config": [],
                "dns_cache_config": [],
                "gce_persistent_disk_csi_driver_config": [
                  {
                    "enabled": true
                  }
                ],
                "gcp_filestore_csi_driver_config": [],
                "gcs_fuse_csi_driver_config": [],
                "gke_backup_agent_config": [],
                "horizontal_pod_autoscaling": [],
                "http_load_balancing": [],
                "network_policy_config": [
                  {
                    "disabled": true
                  }
                ],
                "stateful_ha_config": []
              }
            ],
            "allow_net_admin": null,
            "authenticator_groups_config": [],
            "binary_authorization": [
              {
                "enabled": false,
                "evaluation_mode": ""
              }
            ],
            "cluster_autoscaling": [
              {
                "auto_provisioning_defaults": [],
                "autoscaling_profile": "BALANCED",
                "enabled": false,
                "resource_limits": []
              }
            ],
            "cluster_ipv4_cidr": "10.104.0.0/14",
            "confidential_nodes": [],
            "cost_management_config": [],
            "database_encryption": [
              {
                "key_name": "",
                "state": "DECRYPTED"
              }
            ],
            "datapath_provider": "",
            "default_max_pods_per_node": 110,
            "default_snat_status": [
              {
                "disabled": false
              }
            ],
            "deletion_protection": true,
            "description": "",
            "dns_config": [],
            "enable_autopilot": false,
            "enable_cilium_clusterwide_network_policy": false,
            "enable_intranode_visibility": false,
            "enable_k8s_beta_apis": [],
            "enable_kubernetes_alpha": false,
            "enable_l4_ilb_subsetting": false,
            "enable_legacy_abac": false,
            "enable_shielded_nodes": true,
            "enable_tpu": false,
            "endpoint": "34.172.79.158",
            "fleet": [],
            "gateway_api_config": [],
            "id": "projects/id-poc-430702/locations/us-central1-a/clusters/id-cluster",
            "identity_service_config": [],
            "initial_node_count": 1,
            "ip_allocation_policy": [
              {
                "additional_pod_ranges_config": [],
                "cluster_ipv4_cidr_block": "10.104.0.0/14",
                "cluster_secondary_range_name": "gke-id-cluster-pods-33e54efa",
                "pod_cidr_overprovision_config": [
                  {
                    "disabled": false
                  }
                ],
                "services_ipv4_cidr_block": "34.118.224.0/20",
                "services_secondary_range_name": "",
                "stack_type": "IPV4"
              }
            ],
            "label_fingerprint": "a9dc16a7",
            "location": "us-central1-a",
            "logging_config": [
              {
                "enable_components": [
                  "SYSTEM_COMPONENTS",
                  "WORKLOADS"
                ]
              }
            ],
            "logging_service": "logging.googleapis.com/kubernetes",
            "maintenance_policy": [],
            "master_auth": [
              {
                "client_certificate": "",
                "client_certificate_config": [
                  {
                    "issue_client_certificate": false
                  }
                ],
                "client_key": "",
                "cluster_ca_certificate": "LS0tLS1CRUdJTiBDRVJUSUZJQ0FURS0tLS0tCk1JSUVMVENDQXBXZ0F3SUJBZ0lSQU1zb2FtMXp1REZSL2VMUTdTMVBCLzB3RFFZSktvWklodmNOQVFFTEJRQXcKTHpFdE1Dc0dBMVVFQXhNa09UazRaR0UwTTJRdFpUVTVNeTAwTVRCbExUaGxZbVF0T1RrMk5ETTVZVEZsTldJNApNQ0FYRFRJME1EY3lPVEU0TWpNd05sb1lEekl3TlRRd056SXlNVGt5TXpBMldqQXZNUzB3S3dZRFZRUURFeVE1Ck9UaGtZVFF6WkMxbE5Ua3pMVFF4TUdVdE9HVmlaQzA1T1RZME16bGhNV1UxWWpnd2dnR2lNQTBHQ1NxR1NJYjMKRFFFQkFRVUFBNElCandBd2dnR0tBb0lCZ1FDd1RMYzMrN2d2ZXM4aGhXVGJLNEMzNGw4Nm9yMXAyNjJCTnlDTQo1Y0g4ODhBMW1XeTBOc3JCUk1QWU05Mm13bVpwc3p4U01FMEl1VGhNNXJzbm8vZmlTVzNSUE1BalNEQ0ltMEdYCno0bDQ3cXBIN3FkMXhiRTZXR1BzNE5XckJHMEk0N01PaStzZXlROXhlQk9GUjBkdUltbkNuNUFiUldsa1ZIdnQKc2FYbEtJdWZSR01CalZYdzkyV0ZqWWw1MTlBZHhlbHBRaTFTQVYzNWNvRUpCb0pOaGlvM1E0SWlaeE04SENyNQpqN2pIRFB0OUVVVHp6U1pwM21raVUzV1AwdWxPaDlNYSt1T0RRNFp4Uk5CeWxXQXljQzBEdGJzODBGNzZHQndrCnhuaTI1Tk8xeG85U3dBWFlFQS90VksyQ2R5MW83NDFUc000MFRreGJYak9HWmFOb1lkVTFLVDZaSjZOVUZpRW8KSXJwdDlkSmQ0MVNoaStNUGN4NURVcWtqWXNBUHhEejlMc2JTSTBCcmlDcWI1RnAzNXp1ekZsQUwwbzdjQTFFdQoxZU5yN0pOcjZPMUNvTS9tWDl0NDZrbzZUMStWdnpTVEhiU2hQdFY2WEM1MjBwUVErTzdtOHFPZ0tKRTJLWkhVCkZlN21hN2VXcEdzN3NPSlFSUmdXL09PSGZ1MENBd0VBQWFOQ01FQXdEZ1lEVlIwUEFRSC9CQVFEQWdJRU1BOEcKQTFVZEV3RUIvd1FGTUFNQkFmOHdIUVlEVlIwT0JCWUVGRFZjVVMxSFBWK0IvVGhmUXczRXZhK2FiKzRLTUEwRwpDU3FHU0liM0RRRUJDd1VBQTRJQmdRQ1g4dmtHdUdNWGN0Vy8wZWk4Szg2MENFYm9tc3FiVUhSbTJFTWpjd2E2CmFTVWRZbFBJTUs5Rm5heU5hL2ZlbG5BN1hHQVdnd2pXR1BJWEtSWjhDYmN5QzVQNkhVL2x1ZEZEV3JDV05lVGwKcG55Yk1IdVpXZ0krOGJKQlFGdHVnQTNkcFg4dnc2RVVGVnNNLzNKNTVYNnJpTFBXdVJuMzZEd0srK2RtdHdvUQozY2JzNjIyOEV4V01DT3BXZkFYc25XT1prS0JZUzFuSCtkbUdNWWlvY3lYdWhMeWIvdnpvOUZuZVRJZlZLc0FUCnNDUCtyM0ZHMlBob1BmOC9QR1U4SmFydlVlTEtUSVZSemRDTVZYV0pzZ3R2MWQvNUxKWHptSTk4ZGV5bUVCVnIKYk5BSVZSb0VNa1dmbDJoaFB0RlEvRGxUVTlYanA1WXQ0M1VWWStFT2FCaDR5ekhEUCs2Nk1qdnE0SUE4WVVGSQoyTXdXWngwWEMxTlhRQmhhcmRSaWo1cDQzeVhjRWUza0JFWXYzMzlJUDRxSkJQZ0FJZ0RzUVFFaThlRHBCNm90ClRIM3FBWHNLM3JHK1lIRlZLcEo4RmtpNmI5dUJWSTNtVzJVSW41STBrc0swQXZ4R1dVaFBNWVhOMFVDTVE4d2QKOGlGZDhRYUNDVU9QcjAvMHZTdEViSUU9Ci0tLS0tRU5EIENFUlRJRklDQVRFLS0tLS0K"
              }
            ],
            "master_authorized_networks_config": [],
            "master_version": "1.29.6-gke.1038001",
            "mesh_certificates": [],
            "min_master_version": null,
            "monitoring_config": [
              {
                "advanced_datapath_observability_config": [
                  {
                    "enable_metrics": false,
                    "enable_relay": false,
                    "relay_mode": "DISABLED"
                  }
                ],
                "enable_components": [
                  "SYSTEM_COMPONENTS",
                  "STORAGE",
                  "HPA",
                  "POD",
                  "DAEMONSET",
                  "DEPLOYMENT",
                  "STATEFULSET",
                  "CADVISOR",
                  "KUBELET"
                ],
                "managed_prometheus": [
                  {
                    "enabled": true
                  }
                ]
              }
            ],
            "monitoring_service": "monitoring.googleapis.com/kubernetes",
            "name": "id-cluster",
            "network": "projects/id-poc-430702/global/networks/default",
            "network_policy": [
              {
                "enabled": false,
                "provider": "PROVIDER_UNSPECIFIED"
              }
            ],
            "networking_mode": "VPC_NATIVE",
            "node_config": [],
            "node_locations": [],
            "node_pool": [],
            "node_pool_auto_config": [],
            "node_pool_defaults": [
              {
                "node_config_defaults": [
                  {
                    "containerd_config": [],
                    "logging_variant": "DEFAULT"
                  }
                ]
              }
            ],
            "node_version": "1.29.6-gke.1038001",
            "notification_config": [
              {
                "pubsub": [
                  {
                    "enabled": false,
                    "filter": [],
                    "topic": ""
                  }
                ]
              }
            ],
            "operation": null,
            "private_cluster_config": [
              {
                "enable_private_endpoint": false,
                "enable_private_nodes": false,
                "master_global_access_config": [
                  {
                    "enabled": false
                  }
                ],
                "master_ipv4_cidr_block": "",
                "peering_name": "",
                "private_endpoint": "10.128.0.31",
                "private_endpoint_subnetwork": "",
                "public_endpoint": "34.172.79.158"
              }
            ],
            "private_ipv6_google_access": "",
            "project": "id-poc-430702",
            "release_channel": [
              {
                "channel": "REGULAR"
              }
            ],
            "remove_default_node_pool": true,
            "resource_labels": null,
            "resource_usage_export_config": [],
            "security_posture_config": [
              {
                "mode": "BASIC",
                "vulnerability_mode": "VULNERABILITY_MODE_UNSPECIFIED"
              }
            ],
            "self_link": "https://container.googleapis.com/v1/projects/id-poc-430702/zones/us-central1-a/clusters/id-cluster",
            "service_external_ips_config": [
              {
                "enabled": false
              }
            ],
            "services_ipv4_cidr": "34.118.224.0/20",
            "subnetwork": "projects/id-poc-430702/regions/us-central1/subnetworks/default",
            "timeouts": null,
            "tpu_ipv4_cidr_block": "",
            "vertical_pod_autoscaling": [],
            "workload_identity_config": []
          },
          "sensitive_attributes": [
            [
              {
                "type": "get_attr",
                "value": "master_auth"
              },
              {
                "type": "index",
                "value": {
                  "value": 0,
                  "type": "number"
                }
              },
              {
                "type": "get_attr",
                "value": "client_key"
              }
            ]
          ],
          "private": "eyJlMmJmYjczMC1lY2FhLTExZTYtOGY4OC0zNDM2M2JjN2M0YzAiOnsiY3JlYXRlIjoyNDAwMDAwMDAwMDAwLCJkZWxldGUiOjI0MDAwMDAwMDAwMDAsInJlYWQiOjI0MDAwMDAwMDAwMDAsInVwZGF0ZSI6MzYwMDAwMDAwMDAwMH0sInNjaGVtYV92ZXJzaW9uIjoiMiJ9"
        }
      ]
    },
    {
      "module": "module.gke_cluster",
      "mode": "managed",
      "type": "google_container_node_pool",
      "name": "primary_nodes",
      "provider": "provider[\"registry.terraform.io/hashicorp/google\"]",
      "instances": [
        {
          "schema_version": 1,
          "attributes": {
            "autoscaling": [
              {
                "location_policy": "BALANCED",
                "max_node_count": 5,
                "min_node_count": 1,
                "total_max_node_count": 0,
                "total_min_node_count": 0
              }
            ],
            "cluster": "id-cluster",
            "id": "projects/id-poc-430702/locations/us-central1-a/clusters/id-cluster/nodePools/node-pool",
            "initial_node_count": 1,
            "instance_group_urls": [
              "https://www.googleapis.com/compute/v1/projects/id-poc-430702/zones/us-central1-a/instanceGroupManagers/gke-id-cluster-node-pool-5db1b563-grp"
            ],
            "location": "us-central1-a",
            "managed_instance_group_urls": [
              "https://www.googleapis.com/compute/v1/projects/id-poc-430702/zones/us-central1-a/instanceGroups/gke-id-cluster-node-pool-5db1b563-grp"
            ],
            "management": [
              {
                "auto_repair": true,
                "auto_upgrade": true
              }
            ],
            "max_pods_per_node": 110,
            "name": "node-pool",
            "name_prefix": "",
            "network_config": [
              {
                "create_pod_range": false,
                "enable_private_nodes": false,
                "network_performance_config": [],
                "pod_cidr_overprovision_config": [],
                "pod_ipv4_cidr_block": "10.104.0.0/14",
                "pod_range": "gke-id-cluster-pods-33e54efa"
              }
            ],
            "node_config": [
              {
                "advanced_machine_features": [],
                "boot_disk_kms_key": "",
                "confidential_nodes": [],
                "containerd_config": [],
                "disk_size_gb": 100,
                "disk_type": "pd-balanced",
                "effective_taints": [],
                "enable_confidential_storage": false,
                "ephemeral_storage_local_ssd_config": [],
                "fast_socket": [],
                "gcfs_config": [],
                "guest_accelerator": [],
                "gvnic": [],
                "host_maintenance_policy": [],
                "image_type": "COS_CONTAINERD",
                "kubelet_config": [],
                "labels": {},
                "linux_node_config": [],
                "local_nvme_ssd_block_config": [],
                "local_ssd_count": 0,
                "logging_variant": "DEFAULT",
                "machine_type": "c2-standard-4",
                "metadata": {
                  "disable-legacy-endpoints": "true"
                },
                "min_cpu_platform": "",
                "node_group": "",
                "oauth_scopes": [
                  "https://www.googleapis.com/auth/cloud-platform"
                ],
                "preemptible": false,
                "reservation_affinity": [],
                "resource_labels": null,
                "resource_manager_tags": null,
                "secondary_boot_disks": [],
                "service_account": "default",
                "shielded_instance_config": [
                  {
                    "enable_integrity_monitoring": true,
                    "enable_secure_boot": false
                  }
                ],
                "sole_tenant_config": [],
                "spot": false,
                "tags": null,
                "taint": [],
                "workload_metadata_config": []
              }
            ],
            "node_count": 1,
            "node_locations": [
              "us-central1-a"
            ],
            "operation": null,
            "placement_policy": [],
            "project": "id-poc-430702",
            "queued_provisioning": [],
            "timeouts": null,
            "upgrade_settings": [
              {
                "blue_green_settings": [],
                "max_surge": 1,
                "max_unavailable": 0,
                "strategy": "SURGE"
              }
            ],
            "version": "1.29.6-gke.1038001"
          },
          "sensitive_attributes": [],
          "private": "eyJlMmJmYjczMC1lY2FhLTExZTYtOGY4OC0zNDM2M2JjN2M0YzAiOnsiY3JlYXRlIjoxODAwMDAwMDAwMDAwLCJkZWxldGUiOjE4MDAwMDAwMDAwMDAsInVwZGF0ZSI6MTgwMDAwMDAwMDAwMH0sInNjaGVtYV92ZXJzaW9uIjoiMSJ9",
          "dependencies": [
            "module.gke_cluster.google_container_cluster.primary"
          ]
        }
      ]
    }
  ],
  "check_results": null
}
